
Microsoft Visual Studio Solution File, Format Version 12.00
# Visual Studio 15
VisualStudioVersion = 15.0.28307.779
MinimumVisualStudioVersion = 10.0.40219.1
Project("{FAE04EC0-301F-11D3-BF4B-00C04F79EFBC}") = "WebAPI", "WebAPI\WebAPI.csproj", "{C9C65324-0E83-498C-977F-3B8BBD1A2C15}"
EndProject
Global
	GlobalSection(SolutionConfigurationPlatforms) = preSolution
		Debug|Any CPU = Debug|Any CPU
		Release|Any CPU = Release|Any CPU
	EndGlobalSection
	GlobalSection(ProjectConfigurationPlatforms) = postSolution
		{C9C65324-0E83-498C-977F-3B8BBD1A2C15}.Debug|Any CPU.ActiveCfg = Debug|Any CPU
		{C9C65324-0E83-498C-977F-3B8BBD1A2C15}.Debug|Any CPU.Build.0 = Debug|Any CPU
		{C9C65324-0E83-498C-977F-3B8BBD1A2C15}.Release|Any CPU.ActiveCfg = Release|Any CPU
		{C9C65324-0E83-498C-977F-3B8BBD1A2C15}.Release|Any CPU.Build.0 = Release|Any CPU
	EndGlobalSection
	GlobalSection(SolutionProperties) = preSolution
		HideSolutionNode = FALSE
	EndGlobalSection
	GlobalSection(ExtensibilityGlobals) = postSolution
		SolutionGuid = {8EFF7E54-7130-4733-BD6E-4F1E32C3CBC5}
	EndGlobalSection
EndGlobal
